
Microsoft Visual Studio Solution File, Format Version 12.00
# Visual Studio Version 16
VisualStudioVersion = 16.0.30907.101
MinimumVisualStudioVersion = 10.0.40219.1
Project("{FAE04EC0-301F-11D3-BF4B-00C04F79EFBC}") = "Student Data", "Student Data\Student Data.csproj", "{8A91E627-295D-417E-B09B-4AE14BFBCF9B}"
EndProject
Global
	GlobalSection(SolutionConfigurationPlatforms) = preSolution
		Debug|Any CPU = Debug|Any CPU
		Release|Any CPU = Release|Any CPU
	EndGlobalSection
	GlobalSection(ProjectConfigurationPlatforms) = postSolution
		{8A91E627-295D-417E-B09B-4AE14BFBCF9B}.Debug|Any CPU.ActiveCfg = Debug|Any CPU
		{8A91E627-295D-417E-B09B-4AE14BFBCF9B}.Debug|Any CPU.Build.0 = Debug|Any CPU
		{8A91E627-295D-417E-B09B-4AE14BFBCF9B}.Release|Any CPU.ActiveCfg = Release|Any CPU
		{8A91E627-295D-417E-B09B-4AE14BFBCF9B}.Release|Any CPU.Build.0 = Release|Any CPU
	EndGlobalSection
	GlobalSection(SolutionProperties) = preSolution
		HideSolutionNode = FALSE
	EndGlobalSection
	GlobalSection(ExtensibilityGlobals) = postSolution
		SolutionGuid = {EA273B9F-25DC-474A-AB51-CE58042CB61E}
	EndGlobalSection
EndGlobal
