
Microsoft Visual Studio Solution File, Format Version 12.00
# Visual Studio Version 16
VisualStudioVersion = 16.0.30907.101
MinimumVisualStudioVersion = 10.0.40219.1
Project("{FAE04EC0-301F-11D3-BF4B-00C04F79EFBC}") = "UniqueElementsInArray", "UniqueElementsInArray\UniqueElementsInArray.csproj", "{C0202100-4692-4509-B2BB-910EC7DA623E}"
EndProject
Global
	GlobalSection(SolutionConfigurationPlatforms) = preSolution
		Debug|Any CPU = Debug|Any CPU
		Release|Any CPU = Release|Any CPU
	EndGlobalSection
	GlobalSection(ProjectConfigurationPlatforms) = postSolution
		{C0202100-4692-4509-B2BB-910EC7DA623E}.Debug|Any CPU.ActiveCfg = Debug|Any CPU
		{C0202100-4692-4509-B2BB-910EC7DA623E}.Debug|Any CPU.Build.0 = Debug|Any CPU
		{C0202100-4692-4509-B2BB-910EC7DA623E}.Release|Any CPU.ActiveCfg = Release|Any CPU
		{C0202100-4692-4509-B2BB-910EC7DA623E}.Release|Any CPU.Build.0 = Release|Any CPU
	EndGlobalSection
	GlobalSection(SolutionProperties) = preSolution
		HideSolutionNode = FALSE
	EndGlobalSection
	GlobalSection(ExtensibilityGlobals) = postSolution
		SolutionGuid = {C8B8604F-3751-42D8-9627-003D52D8C8CB}
	EndGlobalSection
EndGlobal
